
Microsoft Visual Studio Solution File, Format Version 12.00
# Visual Studio Version 16
VisualStudioVersion = 16.0.29613.14
MinimumVisualStudioVersion = 10.0.40219.1
Project("{9A19103F-16F7-4668-BE54-9A1E7A4F7556}") = "Common.Security", "..\Common.Security\Common.Security.csproj", "{91358674-36C0-4881-B308-68161EB489B9}"
EndProject
Project("{FAE04EC0-301F-11D3-BF4B-00C04F79EFBC}") = "Common.KeyGen", "Common.KeyGen.csproj", "{DBEFFEA3-21D6-44D3-9441-0DC9BEE8A942}"
EndProject
Global
	GlobalSection(SolutionConfigurationPlatforms) = preSolution
		Debug|Any CPU = Debug|Any CPU
		Release|Any CPU = Release|Any CPU
	EndGlobalSection
	GlobalSection(ProjectConfigurationPlatforms) = postSolution
		{91358674-36C0-4881-B308-68161EB489B9}.Debug|Any CPU.ActiveCfg = Debug|Any CPU
		{91358674-36C0-4881-B308-68161EB489B9}.Debug|Any CPU.Build.0 = Debug|Any CPU
		{91358674-36C0-4881-B308-68161EB489B9}.Release|Any CPU.ActiveCfg = Release|Any CPU
		{91358674-36C0-4881-B308-68161EB489B9}.Release|Any CPU.Build.0 = Release|Any CPU
		{DBEFFEA3-21D6-44D3-9441-0DC9BEE8A942}.Debug|Any CPU.ActiveCfg = Debug|Any CPU
		{DBEFFEA3-21D6-44D3-9441-0DC9BEE8A942}.Debug|Any CPU.Build.0 = Debug|Any CPU
		{DBEFFEA3-21D6-44D3-9441-0DC9BEE8A942}.Release|Any CPU.ActiveCfg = Release|Any CPU
		{DBEFFEA3-21D6-44D3-9441-0DC9BEE8A942}.Release|Any CPU.Build.0 = Release|Any CPU
	EndGlobalSection
	GlobalSection(SolutionProperties) = preSolution
		HideSolutionNode = FALSE
	EndGlobalSection
	GlobalSection(ExtensibilityGlobals) = postSolution
		SolutionGuid = {57062221-9CAA-44FD-9E9D-AE025B53A84C}
	EndGlobalSection
EndGlobal
